
Microsoft Visual Studio Solution File, Format Version 12.00
# Visual Studio Version 17
VisualStudioVersion = 17.11.35327.3
MinimumVisualStudioVersion = 10.0.40219.1
Project("{FAE04EC0-301F-11D3-BF4B-00C04F79EFBC}") = "GUI_Basica", "GUI_Basica\GUI_Basica.csproj", "{6B7EB07F-8D2D-46A1-81E1-68EFEB1A8764}"
EndProject
Project("{FAE04EC0-301F-11D3-BF4B-00C04F79EFBC}") = "GUI_Dinamica", "GUI_Dinamica\GUI_Dinamica.csproj", "{2F684497-9132-4654-B199-AA643E928A8E}"
EndProject
Project("{FAE04EC0-301F-11D3-BF4B-00C04F79EFBC}") = "MisaintLibrary", "MisaintLibrary\MisaintLibrary.csproj", "{1AC5C514-69B2-4E33-BB35-EB340B84B85A}"
EndProject
Project("{FAE04EC0-301F-11D3-BF4B-00C04F79EFBC}") = "ConcurrenciaPrimos", "ConcurrenciaPrimos\ConcurrenciaPrimos.csproj", "{698FD7AA-FB39-4DE4-954D-EBCA08B934C4}"
EndProject
Project("{2150E333-8FDC-42A3-9474-1A3956D46DE8}") = "NumPrimos", "NumPrimos", "{02EA681E-C7D8-13C7-8484-4AC65E1B71E8}"
EndProject
Project("{FAE04EC0-301F-11D3-BF4B-00C04F79EFBC}") = "SecuencialPrimos", "SecuencialPrimos\SecuencialPrimos.csproj", "{8804CAFD-4E6E-4D54-A0DF-F0CED00E5590}"
EndProject
Project("{FAE04EC0-301F-11D3-BF4B-00C04F79EFBC}") = "AccesoBaseDatos", "AccesoBaseDatos1\AccesoBaseDatos.csproj", "{AB537FDF-C091-469A-8A01-8E1968B3CC24}"
EndProject
Global
	GlobalSection(SolutionConfigurationPlatforms) = preSolution
		Debug|Any CPU = Debug|Any CPU
		Release|Any CPU = Release|Any CPU
	EndGlobalSection
	GlobalSection(ProjectConfigurationPlatforms) = postSolution
		{6B7EB07F-8D2D-46A1-81E1-68EFEB1A8764}.Debug|Any CPU.ActiveCfg = Debug|Any CPU
		{6B7EB07F-8D2D-46A1-81E1-68EFEB1A8764}.Debug|Any CPU.Build.0 = Debug|Any CPU
		{6B7EB07F-8D2D-46A1-81E1-68EFEB1A8764}.Release|Any CPU.ActiveCfg = Release|Any CPU
		{6B7EB07F-8D2D-46A1-81E1-68EFEB1A8764}.Release|Any CPU.Build.0 = Release|Any CPU
		{2F684497-9132-4654-B199-AA643E928A8E}.Debug|Any CPU.ActiveCfg = Debug|Any CPU
		{2F684497-9132-4654-B199-AA643E928A8E}.Debug|Any CPU.Build.0 = Debug|Any CPU
		{2F684497-9132-4654-B199-AA643E928A8E}.Release|Any CPU.ActiveCfg = Release|Any CPU
		{2F684497-9132-4654-B199-AA643E928A8E}.Release|Any CPU.Build.0 = Release|Any CPU
		{1AC5C514-69B2-4E33-BB35-EB340B84B85A}.Debug|Any CPU.ActiveCfg = Debug|Any CPU
		{1AC5C514-69B2-4E33-BB35-EB340B84B85A}.Debug|Any CPU.Build.0 = Debug|Any CPU
		{1AC5C514-69B2-4E33-BB35-EB340B84B85A}.Release|Any CPU.ActiveCfg = Release|Any CPU
		{1AC5C514-69B2-4E33-BB35-EB340B84B85A}.Release|Any CPU.Build.0 = Release|Any CPU
		{698FD7AA-FB39-4DE4-954D-EBCA08B934C4}.Debug|Any CPU.ActiveCfg = Debug|Any CPU
		{698FD7AA-FB39-4DE4-954D-EBCA08B934C4}.Debug|Any CPU.Build.0 = Debug|Any CPU
		{698FD7AA-FB39-4DE4-954D-EBCA08B934C4}.Release|Any CPU.ActiveCfg = Release|Any CPU
		{698FD7AA-FB39-4DE4-954D-EBCA08B934C4}.Release|Any CPU.Build.0 = Release|Any CPU
		{8804CAFD-4E6E-4D54-A0DF-F0CED00E5590}.Debug|Any CPU.ActiveCfg = Debug|Any CPU
		{8804CAFD-4E6E-4D54-A0DF-F0CED00E5590}.Debug|Any CPU.Build.0 = Debug|Any CPU
		{8804CAFD-4E6E-4D54-A0DF-F0CED00E5590}.Release|Any CPU.ActiveCfg = Release|Any CPU
		{8804CAFD-4E6E-4D54-A0DF-F0CED00E5590}.Release|Any CPU.Build.0 = Release|Any CPU
		{AB537FDF-C091-469A-8A01-8E1968B3CC24}.Debug|Any CPU.ActiveCfg = Debug|Any CPU
		{AB537FDF-C091-469A-8A01-8E1968B3CC24}.Debug|Any CPU.Build.0 = Debug|Any CPU
		{AB537FDF-C091-469A-8A01-8E1968B3CC24}.Release|Any CPU.ActiveCfg = Release|Any CPU
		{AB537FDF-C091-469A-8A01-8E1968B3CC24}.Release|Any CPU.Build.0 = Release|Any CPU
	EndGlobalSection
	GlobalSection(SolutionProperties) = preSolution
		HideSolutionNode = FALSE
	EndGlobalSection
	GlobalSection(NestedProjects) = preSolution
		{698FD7AA-FB39-4DE4-954D-EBCA08B934C4} = {02EA681E-C7D8-13C7-8484-4AC65E1B71E8}
		{8804CAFD-4E6E-4D54-A0DF-F0CED00E5590} = {02EA681E-C7D8-13C7-8484-4AC65E1B71E8}
	EndGlobalSection
	GlobalSection(ExtensibilityGlobals) = postSolution
		SolutionGuid = {57630565-F746-4064-AC8D-A6D6B7D4F205}
	EndGlobalSection
EndGlobal
